
Microsoft Visual Studio Solution File, Format Version 12.00
# Visual Studio Version 17
VisualStudioVersion = 17.2.32505.173
MinimumVisualStudioVersion = 10.0.40219.1
Project("{FAE04EC0-301F-11D3-BF4B-00C04F79EFBC}") = "esercitazione_colletta", "esercitazione_colletta\esercitazione_colletta.csproj", "{9D1422F9-5E4B-4576-A436-10B9E097CBEC}"
EndProject
Global
	GlobalSection(SolutionConfigurationPlatforms) = preSolution
		Debug|Any CPU = Debug|Any CPU
		Release|Any CPU = Release|Any CPU
	EndGlobalSection
	GlobalSection(ProjectConfigurationPlatforms) = postSolution
		{9D1422F9-5E4B-4576-A436-10B9E097CBEC}.Debug|Any CPU.ActiveCfg = Debug|Any CPU
		{9D1422F9-5E4B-4576-A436-10B9E097CBEC}.Debug|Any CPU.Build.0 = Debug|Any CPU
		{9D1422F9-5E4B-4576-A436-10B9E097CBEC}.Release|Any CPU.ActiveCfg = Release|Any CPU
		{9D1422F9-5E4B-4576-A436-10B9E097CBEC}.Release|Any CPU.Build.0 = Release|Any CPU
	EndGlobalSection
	GlobalSection(SolutionProperties) = preSolution
		HideSolutionNode = FALSE
	EndGlobalSection
	GlobalSection(ExtensibilityGlobals) = postSolution
		SolutionGuid = {37362534-C797-4508-9FAA-79A71EFE70B5}
	EndGlobalSection
EndGlobal
